
Microsoft Visual Studio Solution File, Format Version 12.00
# Visual Studio 14
VisualStudioVersion = 14.0.25420.1
MinimumVisualStudioVersion = 10.0.40219.1
Project("{8BC9CEB8-8B4A-11D0-8D11-00A0C91BC942}") = "Motion_Win32", "Motion_Win32\Motion_Win32.vcxproj", "{C8595B25-70CC-42DC-AF00-64414E42743D}"
EndProject
Project("{8BC9CEB8-8B4A-11D0-8D11-00A0C91BC942}") = "Win32_Test", "Win32_Test\Win32_Test.vcxproj", "{08E692C4-4E36-42EC-AF38-E614B04EC1E4}"
EndProject
Project("{8BC9CEB8-8B4A-11D0-8D11-00A0C91BC942}") = "System_Win32", "System_Win32\System_Win32.vcxproj", "{1D173717-2A6A-465B-9D36-CE5F644F9446}"
EndProject
Project("{8BC9CEB8-8B4A-11D0-8D11-00A0C91BC942}") = "Utility", "Utility\Utility.vcxproj", "{7A68BE61-364B-47A4-9BAD-973ECB1CCCB6}"
EndProject
Global
	GlobalSection(SolutionConfigurationPlatforms) = preSolution
		Debug|x86 = Debug|x86
		Release|x86 = Release|x86
	EndGlobalSection
	GlobalSection(ProjectConfigurationPlatforms) = postSolution
		{C8595B25-70CC-42DC-AF00-64414E42743D}.Debug|x86.ActiveCfg = Debug|Win32
		{C8595B25-70CC-42DC-AF00-64414E42743D}.Debug|x86.Build.0 = Debug|Win32
		{C8595B25-70CC-42DC-AF00-64414E42743D}.Release|x86.ActiveCfg = Release|Win32
		{C8595B25-70CC-42DC-AF00-64414E42743D}.Release|x86.Build.0 = Release|Win32
		{08E692C4-4E36-42EC-AF38-E614B04EC1E4}.Debug|x86.ActiveCfg = Debug|Win32
		{08E692C4-4E36-42EC-AF38-E614B04EC1E4}.Debug|x86.Build.0 = Debug|Win32
		{08E692C4-4E36-42EC-AF38-E614B04EC1E4}.Release|x86.ActiveCfg = Release|Win32
		{08E692C4-4E36-42EC-AF38-E614B04EC1E4}.Release|x86.Build.0 = Release|Win32
		{1D173717-2A6A-465B-9D36-CE5F644F9446}.Debug|x86.ActiveCfg = Debug|Win32
		{1D173717-2A6A-465B-9D36-CE5F644F9446}.Debug|x86.Build.0 = Debug|Win32
		{1D173717-2A6A-465B-9D36-CE5F644F9446}.Release|x86.ActiveCfg = Release|Win32
		{1D173717-2A6A-465B-9D36-CE5F644F9446}.Release|x86.Build.0 = Release|Win32
		{7A68BE61-364B-47A4-9BAD-973ECB1CCCB6}.Debug|x86.ActiveCfg = Debug|Win32
		{7A68BE61-364B-47A4-9BAD-973ECB1CCCB6}.Debug|x86.Build.0 = Debug|Win32
		{7A68BE61-364B-47A4-9BAD-973ECB1CCCB6}.Release|x86.ActiveCfg = Release|Win32
		{7A68BE61-364B-47A4-9BAD-973ECB1CCCB6}.Release|x86.Build.0 = Release|Win32
	EndGlobalSection
	GlobalSection(SolutionProperties) = preSolution
		HideSolutionNode = FALSE
	EndGlobalSection
EndGlobal
